
Microsoft Visual Studio Solution File, Format Version 12.00
# Visual Studio Version 17
VisualStudioVersion = 17.12.35514.174 d17.12
MinimumVisualStudioVersion = 10.0.40219.1
Project("{888888A0-9F3D-457C-B088-3A5042F75D52}") = "Bellofdk_Assignment08Makeup", "Bellofdk_Assignment08Makeup\Bellofdk_Assignment08Makeup.pyproj", "{F4EA97C0-CFB1-4B42-B87B-743C92CFD5C9}"
EndProject
Global
	GlobalSection(SolutionConfigurationPlatforms) = preSolution
		Debug|Any CPU = Debug|Any CPU
		Release|Any CPU = Release|Any CPU
	EndGlobalSection
	GlobalSection(ProjectConfigurationPlatforms) = postSolution
		{F4EA97C0-CFB1-4B42-B87B-743C92CFD5C9}.Debug|Any CPU.ActiveCfg = Debug|Any CPU
		{F4EA97C0-CFB1-4B42-B87B-743C92CFD5C9}.Release|Any CPU.ActiveCfg = Release|Any CPU
	EndGlobalSection
	GlobalSection(SolutionProperties) = preSolution
		HideSolutionNode = FALSE
	EndGlobalSection
EndGlobal
